
Microsoft Visual Studio Solution File, Format Version 12.00
# Visual Studio Version 17
VisualStudioVersion = 17.5.33627.172
MinimumVisualStudioVersion = 10.0.40219.1
Project("{FAE04EC0-301F-11D3-BF4B-00C04F79EFBC}") = "Categoria", "Categoria.csproj", "{57D3942A-F1AF-4903-87A0-5ECB27378F16}"
EndProject
Global
	GlobalSection(SolutionConfigurationPlatforms) = preSolution
		Debug|Any CPU = Debug|Any CPU
		Release|Any CPU = Release|Any CPU
	EndGlobalSection
	GlobalSection(ProjectConfigurationPlatforms) = postSolution
		{57D3942A-F1AF-4903-87A0-5ECB27378F16}.Debug|Any CPU.ActiveCfg = Debug|Any CPU
		{57D3942A-F1AF-4903-87A0-5ECB27378F16}.Debug|Any CPU.Build.0 = Debug|Any CPU
		{57D3942A-F1AF-4903-87A0-5ECB27378F16}.Release|Any CPU.ActiveCfg = Release|Any CPU
		{57D3942A-F1AF-4903-87A0-5ECB27378F16}.Release|Any CPU.Build.0 = Release|Any CPU
	EndGlobalSection
	GlobalSection(SolutionProperties) = preSolution
		HideSolutionNode = FALSE
	EndGlobalSection
	GlobalSection(ExtensibilityGlobals) = postSolution
		SolutionGuid = {81162D29-3E22-4F6C-80CA-8C042D62BF71}
	EndGlobalSection
EndGlobal
